// !$*UTF8*$!
{
	archiveVersion = 1;
	classes = {
	};
	objectVersion = 56;
	objects = {

/* Begin PBXBuildFile section */
		551965CD2AC7892600700AB4 /* ImageStackViewController.swift in Sources */ = {isa = PBXBuildFile; fileRef = 551965CC2AC7892600700AB4 /* ImageStackViewController.swift */; };
		551965D12AC7C32800700AB4 /* ShareViewController.swift in Sources */ = {isa = PBXBuildFile; fileRef = 551965D02AC7C32800700AB4 /* ShareViewController.swift */; };
		DB7874FB2ABE67F00050CEEB /* AppDelegate.swift in Sources */ = {isa = PBXBuildFile; fileRef = DB7874FA2ABE67F00050CEEB /* AppDelegate.swift */; };
		DB7874FD2ABE67F00050CEEB /* SceneDelegate.swift in Sources */ = {isa = PBXBuildFile; fileRef = DB7874FC2ABE67F00050CEEB /* SceneDelegate.swift */; };
		DB7874FF2ABE67F00050CEEB /* ViewController.swift in Sources */ = {isa = PBXBuildFile; fileRef = DB7874FE2ABE67F00050CEEB /* ViewController.swift */; };
		DB7875022ABE67F00050CEEB /* Main.storyboard in Resources */ = {isa = PBXBuildFile; fileRef = DB7875002ABE67F00050CEEB /* Main.storyboard */; };
		DB7875042ABE67F20050CEEB /* Assets.xcassets in Resources */ = {isa = PBXBuildFile; fileRef = DB7875032ABE67F20050CEEB /* Assets.xcassets */; };
		DB7875072ABE67F20050CEEB /* LaunchScreen.storyboard in Resources */ = {isa = PBXBuildFile; fileRef = DB7875052ABE67F20050CEEB /* LaunchScreen.storyboard */; };
		DB7875122ABE67F20050CEEB /* myFirstAppTests.swift in Sources */ = {isa = PBXBuildFile; fileRef = DB7875112ABE67F20050CEEB /* myFirstAppTests.swift */; };
		DB78751C2ABE67F20050CEEB /* myFirstAppUITests.swift in Sources */ = {isa = PBXBuildFile; fileRef = DB78751B2ABE67F20050CEEB /* myFirstAppUITests.swift */; };
		DB78751E2ABE67F20050CEEB /* myFirstAppUITestsLaunchTests.swift in Sources */ = {isa = PBXBuildFile; fileRef = DB78751D2ABE67F20050CEEB /* myFirstAppUITestsLaunchTests.swift */; };
/* End PBXBuildFile section */

/* Begin PBXContainerItemProxy section */
		DB78750E2ABE67F20050CEEB /* PBXContainerItemProxy */ = {
			isa = PBXContainerItemProxy;
			containerPortal = DB7874EF2ABE67F00050CEEB /* Project object */;
			proxyType = 1;
			remoteGlobalIDString = DB7874F62ABE67F00050CEEB;
			remoteInfo = myFirstApp;
		};
		DB7875182ABE67F20050CEEB /* PBXContainerItemProxy */ = {
			isa = PBXContainerItemProxy;
			containerPortal = DB7874EF2ABE67F00050CEEB /* Project object */;
			proxyType = 1;
			remoteGlobalIDString = DB7874F62ABE67F00050CEEB;
			remoteInfo = myFirstApp;
		};
/* End PBXContainerItemProxy section */

/* Begin PBXFileReference section */
		551965CC2AC7892600700AB4 /* ImageStackViewController.swift */ = {isa = PBXFileReference; lastKnownFileType = sourcecode.swift; path = ImageStackViewController.swift; sourceTree = "<group>"; };
		551965D02AC7C32800700AB4 /* ShareViewController.swift */ = {isa = PBXFileReference; lastKnownFileType = sourcecode.swift; path = ShareViewController.swift; sourceTree = "<group>"; };
		DB7874F72ABE67F00050CEEB /* myFirstApp.app */ = {isa = PBXFileReference; explicitFileType = wrapper.application; includeInIndex = 0; path = myFirstApp.app; sourceTree = BUILT_PRODUCTS_DIR; };
		DB7874FA2ABE67F00050CEEB /* AppDelegate.swift */ = {isa = PBXFileReference; lastKnownFileType = sourcecode.swift; path = AppDelegate.swift; sourceTree = "<group>"; };
		DB7874FC2ABE67F00050CEEB /* SceneDelegate.swift */ = {isa = PBXFileReference; lastKnownFileType = sourcecode.swift; path = SceneDelegate.swift; sourceTree = "<group>"; };
		DB7874FE2ABE67F00050CEEB /* ViewController.swift */ = {isa = PBXFileReference; lastKnownFileType = sourcecode.swift; path = ViewController.swift; sourceTree = "<group>"; };
		DB7875012ABE67F00050CEEB /* Base */ = {isa = PBXFileReference; lastKnownFileType = file.storyboard; name = Base; path = Base.lproj/Main.storyboard; sourceTree = "<group>"; };
		DB7875032ABE67F20050CEEB /* Assets.xcassets */ = {isa = PBXFileReference; lastKnownFileType = folder.assetcatalog; path = Assets.xcassets; sourceTree = "<group>"; };
		DB7875062ABE67F20050CEEB /* Base */ = {isa = PBXFileReference; lastKnownFileType = file.storyboard; name = Base; path = Base.lproj/LaunchScreen.storyboard; sourceTree = "<group>"; };
		DB7875082ABE67F20050CEEB /* Info.plist */ = {isa = PBXFileReference; lastKnownFileType = text.plist.xml; path = Info.plist; sourceTree = "<group>"; };
		DB78750D2ABE67F20050CEEB /* myFirstAppTests.xctest */ = {isa = PBXFileReference; explicitFileType = wrapper.cfbundle; includeInIndex = 0; path = myFirstAppTests.xctest; sourceTree = BUILT_PRODUCTS_DIR; };
		DB7875112ABE67F20050CEEB /* myFirstAppTests.swift */ = {isa = PBXFileReference; lastKnownFileType = sourcecode.swift; path = myFirstAppTests.swift; sourceTree = "<group>"; };
		DB7875172ABE67F20050CEEB /* myFirstAppUITests.xctest */ = {isa = PBXFileReference; explicitFileType = wrapper.cfbundle; includeInIndex = 0; path = myFirstAppUITests.xctest; sourceTree = BUILT_PRODUCTS_DIR; };
		DB78751B2ABE67F20050CEEB /* myFirstAppUITests.swift */ = {isa = PBXFileReference; lastKnownFileType = sourcecode.swift; path = myFirstAppUITests.swift; sourceTree = "<group>"; };
		DB78751D2ABE67F20050CEEB /* myFirstAppUITestsLaunchTests.swift */ = {isa = PBXFileReference; lastKnownFileType = sourcecode.swift; path = myFirstAppUITestsLaunchTests.swift; sourceTree = "<group>"; };
/* End PBXFileReference section */

/* Begin PBXFrameworksBuildPhase section */
		DB7874F42ABE67F00050CEEB /* Frameworks */ = {
			isa = PBXFrameworksBuildPhase;
			buildActionMask = 2147483647;
			files = (
			);
			runOnlyForDeploymentPostprocessing = 0;
		};
		DB78750A2ABE67F20050CEEB /* Frameworks */ = {
			isa = PBXFrameworksBuildPhase;
			buildActionMask = 2147483647;
			files = (
			);
			runOnlyForDeploymentPostprocessing = 0;
		};
		DB7875142ABE67F20050CEEB /* Frameworks */ = {
			isa = PBXFrameworksBuildPhase;
			buildActionMask = 2147483647;
			files = (
			);
			runOnlyForDeploymentPostprocessing = 0;
		};
/* End PBXFrameworksBuildPhase section */

/* Begin PBXGroup section */
		DB7874EE2ABE67F00050CEEB = {
			isa = PBXGroup;
			children = (
				DB7874F92ABE67F00050CEEB /* myFirstApp */,
				DB7875102ABE67F20050CEEB /* myFirstAppTests */,
				DB78751A2ABE67F20050CEEB /* myFirstAppUITests */,
				DB7874F82ABE67F00050CEEB /* Products */,
			);
			sourceTree = "<group>";
		};
		DB7874F82ABE67F00050CEEB /* Products */ = {
			isa = PBXGroup;
			children = (
				DB7874F72ABE67F00050CEEB /* myFirstApp.app */,
				DB78750D2ABE67F20050CEEB /* myFirstAppTests.xctest */,
				DB7875172ABE67F20050CEEB /* myFirstAppUITests.xctest */,
			);
			name = Products;
			sourceTree = "<group>";
		};
		DB7874F92ABE67F00050CEEB /* myFirstApp */ = {
			isa = PBXGroup;
			children = (
				DB7874FA2ABE67F00050CEEB /* AppDelegate.swift */,
				DB7874FC2ABE67F00050CEEB /* SceneDelegate.swift */,
				DB7874FE2ABE67F00050CEEB /* ViewController.swift */,
				551965CC2AC7892600700AB4 /* ImageStackViewController.swift */,
				551965D02AC7C32800700AB4 /* ShareViewController.swift */,
				DB7875002ABE67F00050CEEB /* Main.storyboard */,
				DB7875032ABE67F20050CEEB /* Assets.xcassets */,
				DB7875052ABE67F20050CEEB /* LaunchScreen.storyboard */,
				DB7875082ABE67F20050CEEB /* Info.plist */,
			);
			path = myFirstApp;
			sourceTree = "<group>";
		};
		DB7875102ABE67F20050CEEB /* myFirstAppTests */ = {
			isa = PBXGroup;
			children = (
				DB7875112ABE67F20050CEEB /* myFirstAppTests.swift */,
			);
			path = myFirstAppTests;
			sourceTree = "<group>";
		};
		DB78751A2ABE67F20050CEEB /* myFirstAppUITests */ = {
			isa = PBXGroup;
			children = (
				DB78751B2ABE67F20050CEEB /* myFirstAppUITests.swift */,
				DB78751D2ABE67F20050CEEB /* myFirstAppUITestsLaunchTests.swift */,
			);
			path = myFirstAppUITests;
			sourceTree = "<group>";
		};
/* End PBXGroup section */

/* Begin PBXNativeTarget section */
		DB7874F62ABE67F00050CEEB /* myFirstApp */ = {
			isa = PBXNativeTarget;
			buildConfigurationList = DB7875212ABE67F20050CEEB /* Build configuration list for PBXNativeTarget "myFirstApp" */;
			buildPhases = (
				DB7874F32ABE67F00050CEEB /* Sources */,
				DB7874F42ABE67F00050CEEB /* Frameworks */,
				DB7874F52ABE67F00050CEEB /* Resources */,
			);
			buildRules = (
			);
			dependencies = (
			);
			name = myFirstApp;
			productName = myFirstApp;
			productReference = DB7874F72ABE67F00050CEEB /* myFirstApp.app */;
			productType = "com.apple.product-type.application";
		};
		DB78750C2ABE67F20050CEEB /* myFirstAppTests */ = {
			isa = PBXNativeTarget;
			buildConfigurationList = DB7875242ABE67F20050CEEB /* Build configuration list for PBXNativeTarget "myFirstAppTests" */;
			buildPhases = (
				DB7875092ABE67F20050CEEB /* Sources */,
				DB78750A2ABE67F20050CEEB /* Frameworks */,
				DB78750B2ABE67F20050CEEB /* Resources */,
			);
			buildRules = (
			);
			dependencies = (
				DB78750F2ABE67F20050CEEB /* PBXTargetDependency */,
			);
			name = myFirstAppTests;
			productName = myFirstAppTests;
			productReference = DB78750D2ABE67F20050CEEB /* myFirstAppTests.xctest */;
			productType = "com.apple.product-type.bundle.unit-test";
		};
		DB7875162ABE67F20050CEEB /* myFirstAppUITests */ = {
			isa = PBXNativeTarget;
			buildConfigurationList = DB7875272ABE67F20050CEEB /* Build configuration list for PBXNativeTarget "myFirstAppUITests" */;
			buildPhases = (
				DB7875132ABE67F20050CEEB /* Sources */,
				DB7875142ABE67F20050CEEB /* Frameworks */,
				DB7875152ABE67F20050CEEB /* Resources */,
			);
			buildRules = (
			);
			dependencies = (
				DB7875192ABE67F20050CEEB /* PBXTargetDependency */,
			);
			name = myFirstAppUITests;
			productName = myFirstAppUITests;
			productReference = DB7875172ABE67F20050CEEB /* myFirstAppUITests.xctest */;
			productType = "com.apple.product-type.bundle.ui-testing";
		};
/* End PBXNativeTarget section */

/* Begin PBXProject section */
		DB7874EF2ABE67F00050CEEB /* Project object */ = {
			isa = PBXProject;
			attributes = {
				BuildIndependentTargetsInParallel = 1;
				LastSwiftUpdateCheck = 1430;
				LastUpgradeCheck = 1500;
				TargetAttributes = {
					DB7874F62ABE67F00050CEEB = {
						CreatedOnToolsVersion = 14.3;
					};
					DB78750C2ABE67F20050CEEB = {
						CreatedOnToolsVersion = 14.3;
						TestTargetID = DB7874F62ABE67F00050CEEB;
					};
					DB7875162ABE67F20050CEEB = {
						CreatedOnToolsVersion = 14.3;
						TestTargetID = DB7874F62ABE67F00050CEEB;
					};
				};
			};
			buildConfigurationList = DB7874F22ABE67F00050CEEB /* Build configuration list for PBXProject "myFirstApp" */;
			compatibilityVersion = "Xcode 14.0";
			developmentRegion = en;
			hasScannedForEncodings = 0;
			knownRegions = (
				en,
				Base,
			);
			mainGroup = DB7874EE2ABE67F00050CEEB;
			productRefGroup = DB7874F82ABE67F00050CEEB /* Products */;
			projectDirPath = "";
			projectRoot = "";
			targets = (
				DB7874F62ABE67F00050CEEB /* myFirstApp */,
				DB78750C2ABE67F20050CEEB /* myFirstAppTests */,
				DB7875162ABE67F20050CEEB /* myFirstAppUITests */,
			);
		};
/* End PBXProject section */

/* Begin PBXResourcesBuildPhase section */
		DB7874F52ABE67F00050CEEB /* Resources */ = {
			isa = PBXResourcesBuildPhase;
			buildActionMask = 2147483647;
			files = (
				DB7875072ABE67F20050CEEB /* LaunchScreen.storyboard in Resources */,
				DB7875042ABE67F20050CEEB /* Assets.xcassets in Resources */,
				DB7875022ABE67F00050CEEB /* Main.storyboard in Resources */,
			);
			runOnlyForDeploymentPostprocessing = 0;
		};
		DB78750B2ABE67F20050CEEB /* Resources */ = {
			isa = PBXResourcesBuildPhase;
			buildActionMask = 2147483647;
			files = (
			);
			runOnlyForDeploymentPostprocessing = 0;
		};
		DB7875152ABE67F20050CEEB /* Resources */ = {
			isa = PBXResourcesBuildPhase;
			buildActionMask = 2147483647;
			files = (
			);
			runOnlyForDeploymentPostprocessing = 0;
		};
/* End PBXResourcesBuildPhase section */

/* Begin PBXSourcesBuildPhase section */
		DB7874F32ABE67F00050CEEB /* Sources */ = {
			isa = PBXSourcesBuildPhase;
			buildActionMask = 2147483647;
			files = (
				DB7874FF2ABE67F00050CEEB /* ViewController.swift in Sources */,
				551965CD2AC7892600700AB4 /* ImageStackViewController.swift in Sources */,
				551965D12AC7C32800700AB4 /* ShareViewController.swift in Sources */,
				DB7874FB2ABE67F00050CEEB /* AppDelegate.swift in Sources */,
				DB7874FD2ABE67F00050CEEB /* SceneDelegate.swift in Sources */,
			);
			runOnlyForDeploymentPostprocessing = 0;
		};
		DB7875092ABE67F20050CEEB /* Sources */ = {
			isa = PBXSourcesBuildPhase;
			buildActionMask = 2147483647;
			files = (
				DB7875122ABE67F20050CEEB /* myFirstAppTests.swift in Sources */,
			);
			runOnlyForDeploymentPostprocessing = 0;
		};
		DB7875132ABE67F20050CEEB /* Sources */ = {
			isa = PBXSourcesBuildPhase;
			buildActionMask = 2147483647;
			files = (
				DB78751C2ABE67F20050CEEB /* myFirstAppUITests.swift in Sources */,
				DB78751E2ABE67F20050CEEB /* myFirstAppUITestsLaunchTests.swift in Sources */,
			);
			runOnlyForDeploymentPostprocessing = 0;
		};
/* End PBXSourcesBuildPhase section */

/* Begin PBXTargetDependency section */
		DB78750F2ABE67F20050CEEB /* PBXTargetDependency */ = {
			isa = PBXTargetDependency;
			target = DB7874F62ABE67F00050CEEB /* myFirstApp */;
			targetProxy = DB78750E2ABE67F20050CEEB /* PBXContainerItemProxy */;
		};
		DB7875192ABE67F20050CEEB /* PBXTargetDependency */ = {
			isa = PBXTargetDependency;
			target = DB7874F62ABE67F00050CEEB /* myFirstApp */;
			targetProxy = DB7875182ABE67F20050CEEB /* PBXContainerItemProxy */;
		};
/* End PBXTargetDependency section */

/* Begin PBXVariantGroup section */
		DB7875002ABE67F00050CEEB /* Main.storyboard */ = {
			isa = PBXVariantGroup;
			children = (
				DB7875012ABE67F00050CEEB /* Base */,
			);
			name = Main.storyboard;
			sourceTree = "<group>";
		};
		DB7875052ABE67F20050CEEB /* LaunchScreen.storyboard */ = {
			isa = PBXVariantGroup;
			children = (
				DB7875062ABE67F20050CEEB /* Base */,
			);
			name = LaunchScreen.storyboard;
			sourceTree = "<group>";
		};
/* End PBXVariantGroup section */

/* Begin XCBuildConfiguration section */
		DB78751F2ABE67F20050CEEB /* Debug */ = {
			isa = XCBuildConfiguration;
			buildSettings = {
				ALWAYS_SEARCH_USER_PATHS = NO;
				ASSETCATALOG_COMPILER_GENERATE_SWIFT_ASSET_SYMBOL_EXTENSIONS = YES;
				CLANG_ANALYZER_NONNULL = YES;
				CLANG_ANALYZER_NUMBER_OBJECT_CONVERSION = YES_AGGRESSIVE;
				CLANG_CXX_LANGUAGE_STANDARD = "gnu++20";
				CLANG_ENABLE_MODULES = YES;
				CLANG_ENABLE_OBJC_ARC = YES;
				CLANG_ENABLE_OBJC_WEAK = YES;
				CLANG_WARN_BLOCK_CAPTURE_AUTORELEASING = YES;
				CLANG_WARN_BOOL_CONVERSION = YES;
				CLANG_WARN_COMMA = YES;
				CLANG_WARN_CONSTANT_CONVERSION = YES;
				CLANG_WARN_DEPRECATED_OBJC_IMPLEMENTATIONS = YES;
				CLANG_WARN_DIRECT_OBJC_ISA_USAGE = YES_ERROR;
				CLANG_WARN_DOCUMENTATION_COMMENTS = YES;
				CLANG_WARN_EMPTY_BODY = YES;
				CLANG_WARN_ENUM_CONVERSION = YES;
				CLANG_WARN_INFINITE_RECURSION = YES;
				CLANG_WARN_INT_CONVERSION = YES;
				CLANG_WARN_NON_LITERAL_NULL_CONVERSION = YES;
				CLANG_WARN_OBJC_IMPLICIT_RETAIN_SELF = YES;
				CLANG_WARN_OBJC_LITERAL_CONVERSION = YES;
				CLANG_WARN_OBJC_ROOT_CLASS = YES_ERROR;
				CLANG_WARN_QUOTED_INCLUDE_IN_FRAMEWORK_HEADER = YES;
				CLANG_WARN_RANGE_LOOP_ANALYSIS = YES;
				CLANG_WARN_STRICT_PROTOTYPES = YES;
				CLANG_WARN_SUSPICIOUS_MOVE = YES;
				CLANG_WARN_UNGUARDED_AVAILABILITY = YES_AGGRESSIVE;
				CLANG_WARN_UNREACHABLE_CODE = YES;
				CLANG_WARN__DUPLICATE_METHOD_MATCH = YES;
				COPY_PHASE_STRIP = NO;
				DEBUG_INFORMATION_FORMAT = dwarf;
				ENABLE_STRICT_OBJC_MSGSEND = YES;
				ENABLE_TESTABILITY = YES;
				ENABLE_USER_SCRIPT_SANDBOXING = YES;
				GCC_C_LANGUAGE_STANDARD = gnu11;
				GCC_DYNAMIC_NO_PIC = NO;
				GCC_NO_COMMON_BLOCKS = YES;
				GCC_OPTIMIZATION_LEVEL = 0;
				GCC_PREPROCESSOR_DEFINITIONS = (
					"DEBUG=1",
					"$(inherited)",
				);
				GCC_WARN_64_TO_32_BIT_CONVERSION = YES;
				GCC_WARN_ABOUT_RETURN_TYPE = YES_ERROR;
				GCC_WARN_UNDECLARED_SELECTOR = YES;
				GCC_WARN_UNINITIALIZED_AUTOS = YES_AGGRESSIVE;
				GCC_WARN_UNUSED_FUNCTION = YES;
				GCC_WARN_UNUSED_VARIABLE = YES;
				IPHONEOS_DEPLOYMENT_TARGET = 16.4;
				MTL_ENABLE_DEBUG_INFO = INCLUDE_SOURCE;
				MTL_FAST_MATH = YES;
				ONLY_ACTIVE_ARCH = YES;
				SDKROOT = iphoneos;
				SWIFT_ACTIVE_COMPILATION_CONDITIONS = DEBUG;
				SWIFT_OPTIMIZATION_LEVEL = "-Onone";
			};
			name = Debug;
		};
		DB7875202ABE67F20050CEEB /* Release */ = {
			isa = XCBuildConfiguration;
			buildSettings = {
				ALWAYS_SEARCH_USER_PATHS = NO;
				ASSETCATALOG_COMPILER_GENERATE_SWIFT_ASSET_SYMBOL_EXTENSIONS = YES;
				CLANG_ANALYZER_NONNULL = YES;
				CLANG_ANALYZER_NUMBER_OBJECT_CONVERSION = YES_AGGRESSIVE;
				CLANG_CXX_LANGUAGE_STANDARD = "gnu++20";
				CLANG_ENABLE_MODULES = YES;
				CLANG_ENABLE_OBJC_ARC = YES;
				CLANG_ENABLE_OBJC_WEAK = YES;
				CLANG_WARN_BLOCK_CAPTURE_AUTORELEASING = YES;
				CLANG_WARN_BOOL_CONVERSION = YES;
				CLANG_WARN_COMMA = YES;
				CLANG_WARN_CONSTANT_CONVERSION = YES;
				CLANG_WARN_DEPRECATED_OBJC_IMPLEMENTATIONS = YES;
				CLANG_WARN_DIRECT_OBJC_ISA_USAGE = YES_ERROR;
				CLANG_WARN_DOCUMENTATION_COMMENTS = YES;
				CLANG_WARN_EMPTY_BODY = YES;
				CLANG_WARN_ENUM_CONVERSION = YES;
				CLANG_WARN_INFINITE_RECURSION = YES;
				CLANG_WARN_INT_CONVERSION = YES;
				CLANG_WARN_NON_LITERAL_NULL_CONVERSION = YES;
				CLANG_WARN_OBJC_IMPLICIT_RETAIN_SELF = YES;
				CLANG_WARN_OBJC_LITERAL_CONVERSION = YES;
				CLANG_WARN_OBJC_ROOT_CLASS = YES_ERROR;
				CLANG_WARN_QUOTED_INCLUDE_IN_FRAMEWORK_HEADER = YES;
				CLANG_WARN_RANGE_LOOP_ANALYSIS = YES;
				CLANG_WARN_STRICT_PROTOTYPES = YES;
				CLANG_WARN_SUSPICIOUS_MOVE = YES;
				CLANG_WARN_UNGUARDED_AVAILABILITY = YES_AGGRESSIVE;
				CLANG_WARN_UNREACHABLE_CODE = YES;
				CLANG_WARN__DUPLICATE_METHOD_MATCH = YES;
				COPY_PHASE_STRIP = NO;
				DEBUG_INFORMATION_FORMAT = "dwarf-with-dsym";
				ENABLE_NS_ASSERTIONS = NO;
				ENABLE_STRICT_OBJC_MSGSEND = YES;
				ENABLE_USER_SCRIPT_SANDBOXING = YES;
				GCC_C_LANGUAGE_STANDARD = gnu11;
				GCC_NO_COMMON_BLOCKS = YES;
				GCC_WARN_64_TO_32_BIT_CONVERSION = YES;
				GCC_WARN_ABOUT_RETURN_TYPE = YES_ERROR;
				GCC_WARN_UNDECLARED_SELECTOR = YES;
				GCC_WARN_UNINITIALIZED_AUTOS = YES_AGGRESSIVE;
				GCC_WARN_UNUSED_FUNCTION = YES;
				GCC_WARN_UNUSED_VARIABLE = YES;
				IPHONEOS_DEPLOYMENT_TARGET = 16.4;
				MTL_ENABLE_DEBUG_INFO = NO;
				MTL_FAST_MATH = YES;
				SDKROOT = iphoneos;
				SWIFT_COMPILATION_MODE = wholemodule;
				SWIFT_OPTIMIZATION_LEVEL = "-O";
				VALIDATE_PRODUCT = YES;
			};
			name = Release;
		};
		DB7875222ABE67F20050CEEB /* Debug */ = {
			isa = XCBuildConfiguration;
			buildSettings = {
				ASSETCATALOG_COMPILER_APPICON_NAME = AppIcon;
				ASSETCATALOG_COMPILER_GLOBAL_ACCENT_COLOR_NAME = AccentColor;
				CODE_SIGN_STYLE = Automatic;
				CURRENT_PROJECT_VERSION = 1;
				DEVELOPMENT_TEAM = 4JKHJALY4V;
				GENERATE_INFOPLIST_FILE = YES;
				INFOPLIST_FILE = myFirstApp/Info.plist;
				INFOPLIST_KEY_UIApplicationSupportsIndirectInputEvents = YES;
				INFOPLIST_KEY_UILaunchStoryboardName = LaunchScreen;
				INFOPLIST_KEY_UIMainStoryboardFile = Main;
				INFOPLIST_KEY_UISupportedInterfaceOrientations_iPad = "UIInterfaceOrientationPortrait UIInterfaceOrientationPortraitUpsideDown UIInterfaceOrientationLandscapeLeft UIInterfaceOrientationLandscapeRight";
				INFOPLIST_KEY_UISupportedInterfaceOrientations_iPhone = "UIInterfaceOrientationPortrait UIInterfaceOrientationLandscapeLeft UIInterfaceOrientationLandscapeRight";
				LD_RUNPATH_SEARCH_PATHS = (
					"$(inherited)",
					"@executable_path/Frameworks",
				);
				MARKETING_VERSION = 1.0;
				PRODUCT_BUNDLE_IDENTIFIER = cesar.myFirstApp;
				PRODUCT_NAME = "$(TARGET_NAME)";
				SWIFT_EMIT_LOC_STRINGS = YES;
				SWIFT_VERSION = 5.0;
				TARGETED_DEVICE_FAMILY = "1,2";
			};
			name = Debug;
		};
		DB7875232ABE67F20050CEEB /* Release */ = {
			isa = XCBuildConfiguration;
			buildSettings = {
				ASSETCATALOG_COMPILER_APPICON_NAME = AppIcon;
				ASSETCATALOG_COMPILER_GLOBAL_ACCENT_COLOR_NAME = AccentColor;
				CODE_SIGN_STYLE = Automatic;
				CURRENT_PROJECT_VERSION = 1;
				DEVELOPMENT_TEAM = 4JKHJALY4V;
				GENERATE_INFOPLIST_FILE = YES;
				INFOPLIST_FILE = myFirstApp/Info.plist;
				INFOPLIST_KEY_UIApplicationSupportsIndirectInputEvents = YES;
				INFOPLIST_KEY_UILaunchStoryboardName = LaunchScreen;
				INFOPLIST_KEY_UIMainStoryboardFile = Main;
				INFOPLIST_KEY_UISupportedInterfaceOrientations_iPad = "UIInterfaceOrientationPortrait UIInterfaceOrientationPortraitUpsideDown UIInterfaceOrientationLandscapeLeft UIInterfaceOrientationLandscapeRight";
				INFOPLIST_KEY_UISupportedInterfaceOrientations_iPhone = "UIInterfaceOrientationPortrait UIInterfaceOrientationLandscapeLeft UIInterfaceOrientationLandscapeRight";
				LD_RUNPATH_SEARCH_PATHS = (
					"$(inherited)",
					"@executable_path/Frameworks",
				);
				MARKETING_VERSION = 1.0;
				PRODUCT_BUNDLE_IDENTIFIER = cesar.myFirstApp;
				PRODUCT_NAME = "$(TARGET_NAME)";
				SWIFT_EMIT_LOC_STRINGS = YES;
				SWIFT_VERSION = 5.0;
				TARGETED_DEVICE_FAMILY = "1,2";
			};
			name = Release;
		};
		DB7875252ABE67F20050CEEB /* Debug */ = {
			isa = XCBuildConfiguration;
			buildSettings = {
				ALWAYS_EMBED_SWIFT_STANDARD_LIBRARIES = YES;
				BUNDLE_LOADER = "$(TEST_HOST)";
				CODE_SIGN_STYLE = Automatic;
				CURRENT_PROJECT_VERSION = 1;
				DEVELOPMENT_TEAM = 4JKHJALY4V;
				GENERATE_INFOPLIST_FILE = YES;
				IPHONEOS_DEPLOYMENT_TARGET = 16.4;
				MARKETING_VERSION = 1.0;
				PRODUCT_BUNDLE_IDENTIFIER = cesar.myFirstAppTests;
				PRODUCT_NAME = "$(TARGET_NAME)";
				SWIFT_EMIT_LOC_STRINGS = NO;
				SWIFT_VERSION = 5.0;
				TARGETED_DEVICE_FAMILY = "1,2";
				TEST_HOST = "$(BUILT_PRODUCTS_DIR)/myFirstApp.app/$(BUNDLE_EXECUTABLE_FOLDER_PATH)/myFirstApp";
			};
			name = Debug;
		};
		DB7875262ABE67F20050CEEB /* Release */ = {
			isa = XCBuildConfiguration;
			buildSettings = {
				ALWAYS_EMBED_SWIFT_STANDARD_LIBRARIES = YES;
				BUNDLE_LOADER = "$(TEST_HOST)";
				CODE_SIGN_STYLE = Automatic;
				CURRENT_PROJECT_VERSION = 1;
				DEVELOPMENT_TEAM = 4JKHJALY4V;
				GENERATE_INFOPLIST_FILE = YES;
				IPHONEOS_DEPLOYMENT_TARGET = 16.4;
				MARKETING_VERSION = 1.0;
				PRODUCT_BUNDLE_IDENTIFIER = cesar.myFirstAppTests;
				PRODUCT_NAME = "$(TARGET_NAME)";
				SWIFT_EMIT_LOC_STRINGS = NO;
				SWIFT_VERSION = 5.0;
				TARGETED_DEVICE_FAMILY = "1,2";
				TEST_HOST = "$(BUILT_PRODUCTS_DIR)/myFirstApp.app/$(BUNDLE_EXECUTABLE_FOLDER_PATH)/myFirstApp";
			};
			name = Release;
		};
		DB7875282ABE67F20050CEEB /* Debug */ = {
			isa = XCBuildConfiguration;
			buildSettings = {
				ALWAYS_EMBED_SWIFT_STANDARD_LIBRARIES = YES;
				CODE_SIGN_STYLE = Automatic;
				CURRENT_PROJECT_VERSION = 1;
				DEVELOPMENT_TEAM = 4JKHJALY4V;
				GENERATE_INFOPLIST_FILE = YES;
				MARKETING_VERSION = 1.0;
				PRODUCT_BUNDLE_IDENTIFIER = cesar.myFirstAppUITests;
				PRODUCT_NAME = "$(TARGET_NAME)";
				SWIFT_EMIT_LOC_STRINGS = NO;
				SWIFT_VERSION = 5.0;
				TARGETED_DEVICE_FAMILY = "1,2";
				TEST_TARGET_NAME = myFirstApp;
			};
			name = Debug;
		};
		DB7875292ABE67F20050CEEB /* Release */ = {
			isa = XCBuildConfiguration;
			buildSettings = {
				ALWAYS_EMBED_SWIFT_STANDARD_LIBRARIES = YES;
				CODE_SIGN_STYLE = Automatic;
				CURRENT_PROJECT_VERSION = 1;
				DEVELOPMENT_TEAM = 4JKHJALY4V;
				GENERATE_INFOPLIST_FILE = YES;
				MARKETING_VERSION = 1.0;
				PRODUCT_BUNDLE_IDENTIFIER = cesar.myFirstAppUITests;
				PRODUCT_NAME = "$(TARGET_NAME)";
				SWIFT_EMIT_LOC_STRINGS = NO;
				SWIFT_VERSION = 5.0;
				TARGETED_DEVICE_FAMILY = "1,2";
				TEST_TARGET_NAME = myFirstApp;
			};
			name = Release;
		};
/* End XCBuildConfiguration section */

/* Begin XCConfigurationList section */
		DB7874F22ABE67F00050CEEB /* Build configuration list for PBXProject "myFirstApp" */ = {
			isa = XCConfigurationList;
			buildConfigurations = (
				DB78751F2ABE67F20050CEEB /* Debug */,
				DB7875202ABE67F20050CEEB /* Release */,
			);
			defaultConfigurationIsVisible = 0;
			defaultConfigurationName = Release;
		};
		DB7875212ABE67F20050CEEB /* Build configuration list for PBXNativeTarget "myFirstApp" */ = {
			isa = XCConfigurationList;
			buildConfigurations = (
				DB7875222ABE67F20050CEEB /* Debug */,
				DB7875232ABE67F20050CEEB /* Release */,
			);
			defaultConfigurationIsVisible = 0;
			defaultConfigurationName = Release;
		};
		DB7875242ABE67F20050CEEB /* Build configuration list for PBXNativeTarget "myFirstAppTests" */ = {
			isa = XCConfigurationList;
			buildConfigurations = (
				DB7875252ABE67F20050CEEB /* Debug */,
				DB7875262ABE67F20050CEEB /* Release */,
			);
			defaultConfigurationIsVisible = 0;
			defaultConfigurationName = Release;
		};
		DB7875272ABE67F20050CEEB /* Build configuration list for PBXNativeTarget "myFirstAppUITests" */ = {
			isa = XCConfigurationList;
			buildConfigurations = (
				DB7875282ABE67F20050CEEB /* Debug */,
				DB7875292ABE67F20050CEEB /* Release */,
			);
			defaultConfigurationIsVisible = 0;
			defaultConfigurationName = Release;
		};
/* End XCConfigurationList section */
	};
	rootObject = DB7874EF2ABE67F00050CEEB /* Project object */;
}
