// !$*UTF8*$!
{
	archiveVersion = 1;
	classes = {
	};
	objectVersion = 56;
	objects = {

/* Begin PBXBuildFile section */
		553093482B23DF7D00AA45B7 /* SwiftUIBasicsApp.swift in Sources */ = {isa = PBXBuildFile; fileRef = 553093472B23DF7D00AA45B7 /* SwiftUIBasicsApp.swift */; };
		5530934A2B23DF7D00AA45B7 /* ContentView.swift in Sources */ = {isa = PBXBuildFile; fileRef = 553093492B23DF7D00AA45B7 /* ContentView.swift */; };
		5530934C2B23DF7E00AA45B7 /* Assets.xcassets in Resources */ = {isa = PBXBuildFile; fileRef = 5530934B2B23DF7E00AA45B7 /* Assets.xcassets */; };
		5530934F2B23DF7E00AA45B7 /* Preview Assets.xcassets in Resources */ = {isa = PBXBuildFile; fileRef = 5530934E2B23DF7E00AA45B7 /* Preview Assets.xcassets */; };
		553093592B23DF7E00AA45B7 /* SwiftUIBasicsTests.swift in Sources */ = {isa = PBXBuildFile; fileRef = 553093582B23DF7E00AA45B7 /* SwiftUIBasicsTests.swift */; };
		553093632B23DF7E00AA45B7 /* SwiftUIBasicsUITests.swift in Sources */ = {isa = PBXBuildFile; fileRef = 553093622B23DF7E00AA45B7 /* SwiftUIBasicsUITests.swift */; };
		553093652B23DF7E00AA45B7 /* SwiftUIBasicsUITestsLaunchTests.swift in Sources */ = {isa = PBXBuildFile; fileRef = 553093642B23DF7E00AA45B7 /* SwiftUIBasicsUITestsLaunchTests.swift */; };
/* End PBXBuildFile section */

/* Begin PBXContainerItemProxy section */
		553093552B23DF7E00AA45B7 /* PBXContainerItemProxy */ = {
			isa = PBXContainerItemProxy;
			containerPortal = 5530933C2B23DF7D00AA45B7 /* Project object */;
			proxyType = 1;
			remoteGlobalIDString = 553093432B23DF7D00AA45B7;
			remoteInfo = SwiftUIBasics;
		};
		5530935F2B23DF7E00AA45B7 /* PBXContainerItemProxy */ = {
			isa = PBXContainerItemProxy;
			containerPortal = 5530933C2B23DF7D00AA45B7 /* Project object */;
			proxyType = 1;
			remoteGlobalIDString = 553093432B23DF7D00AA45B7;
			remoteInfo = SwiftUIBasics;
		};
/* End PBXContainerItemProxy section */

/* Begin PBXFileReference section */
		553093442B23DF7D00AA45B7 /* SwiftUIBasics.app */ = {isa = PBXFileReference; explicitFileType = wrapper.application; includeInIndex = 0; path = SwiftUIBasics.app; sourceTree = BUILT_PRODUCTS_DIR; };
		553093472B23DF7D00AA45B7 /* SwiftUIBasicsApp.swift */ = {isa = PBXFileReference; lastKnownFileType = sourcecode.swift; path = SwiftUIBasicsApp.swift; sourceTree = "<group>"; };
		553093492B23DF7D00AA45B7 /* ContentView.swift */ = {isa = PBXFileReference; lastKnownFileType = sourcecode.swift; path = ContentView.swift; sourceTree = "<group>"; };
		5530934B2B23DF7E00AA45B7 /* Assets.xcassets */ = {isa = PBXFileReference; lastKnownFileType = folder.assetcatalog; path = Assets.xcassets; sourceTree = "<group>"; };
		5530934E2B23DF7E00AA45B7 /* Preview Assets.xcassets */ = {isa = PBXFileReference; lastKnownFileType = folder.assetcatalog; path = "Preview Assets.xcassets"; sourceTree = "<group>"; };
		553093542B23DF7E00AA45B7 /* SwiftUIBasicsTests.xctest */ = {isa = PBXFileReference; explicitFileType = wrapper.cfbundle; includeInIndex = 0; path = SwiftUIBasicsTests.xctest; sourceTree = BUILT_PRODUCTS_DIR; };
		553093582B23DF7E00AA45B7 /* SwiftUIBasicsTests.swift */ = {isa = PBXFileReference; lastKnownFileType = sourcecode.swift; path = SwiftUIBasicsTests.swift; sourceTree = "<group>"; };
		5530935E2B23DF7E00AA45B7 /* SwiftUIBasicsUITests.xctest */ = {isa = PBXFileReference; explicitFileType = wrapper.cfbundle; includeInIndex = 0; path = SwiftUIBasicsUITests.xctest; sourceTree = BUILT_PRODUCTS_DIR; };
		553093622B23DF7E00AA45B7 /* SwiftUIBasicsUITests.swift */ = {isa = PBXFileReference; lastKnownFileType = sourcecode.swift; path = SwiftUIBasicsUITests.swift; sourceTree = "<group>"; };
		553093642B23DF7E00AA45B7 /* SwiftUIBasicsUITestsLaunchTests.swift */ = {isa = PBXFileReference; lastKnownFileType = sourcecode.swift; path = SwiftUIBasicsUITestsLaunchTests.swift; sourceTree = "<group>"; };
/* End PBXFileReference section */

/* Begin PBXFrameworksBuildPhase section */
		553093412B23DF7D00AA45B7 /* Frameworks */ = {
			isa = PBXFrameworksBuildPhase;
			buildActionMask = 2147483647;
			files = (
			);
			runOnlyForDeploymentPostprocessing = 0;
		};
		553093512B23DF7E00AA45B7 /* Frameworks */ = {
			isa = PBXFrameworksBuildPhase;
			buildActionMask = 2147483647;
			files = (
			);
			runOnlyForDeploymentPostprocessing = 0;
		};
		5530935B2B23DF7E00AA45B7 /* Frameworks */ = {
			isa = PBXFrameworksBuildPhase;
			buildActionMask = 2147483647;
			files = (
			);
			runOnlyForDeploymentPostprocessing = 0;
		};
/* End PBXFrameworksBuildPhase section */

/* Begin PBXGroup section */
		5530933B2B23DF7D00AA45B7 = {
			isa = PBXGroup;
			children = (
				553093462B23DF7D00AA45B7 /* SwiftUIBasics */,
				553093572B23DF7E00AA45B7 /* SwiftUIBasicsTests */,
				553093612B23DF7E00AA45B7 /* SwiftUIBasicsUITests */,
				553093452B23DF7D00AA45B7 /* Products */,
			);
			sourceTree = "<group>";
		};
		553093452B23DF7D00AA45B7 /* Products */ = {
			isa = PBXGroup;
			children = (
				553093442B23DF7D00AA45B7 /* SwiftUIBasics.app */,
				553093542B23DF7E00AA45B7 /* SwiftUIBasicsTests.xctest */,
				5530935E2B23DF7E00AA45B7 /* SwiftUIBasicsUITests.xctest */,
			);
			name = Products;
			sourceTree = "<group>";
		};
		553093462B23DF7D00AA45B7 /* SwiftUIBasics */ = {
			isa = PBXGroup;
			children = (
				553093472B23DF7D00AA45B7 /* SwiftUIBasicsApp.swift */,
				553093492B23DF7D00AA45B7 /* ContentView.swift */,
				5530934B2B23DF7E00AA45B7 /* Assets.xcassets */,
				5530934D2B23DF7E00AA45B7 /* Preview Content */,
			);
			path = SwiftUIBasics;
			sourceTree = "<group>";
		};
		5530934D2B23DF7E00AA45B7 /* Preview Content */ = {
			isa = PBXGroup;
			children = (
				5530934E2B23DF7E00AA45B7 /* Preview Assets.xcassets */,
			);
			path = "Preview Content";
			sourceTree = "<group>";
		};
		553093572B23DF7E00AA45B7 /* SwiftUIBasicsTests */ = {
			isa = PBXGroup;
			children = (
				553093582B23DF7E00AA45B7 /* SwiftUIBasicsTests.swift */,
			);
			path = SwiftUIBasicsTests;
			sourceTree = "<group>";
		};
		553093612B23DF7E00AA45B7 /* SwiftUIBasicsUITests */ = {
			isa = PBXGroup;
			children = (
				553093622B23DF7E00AA45B7 /* SwiftUIBasicsUITests.swift */,
				553093642B23DF7E00AA45B7 /* SwiftUIBasicsUITestsLaunchTests.swift */,
			);
			path = SwiftUIBasicsUITests;
			sourceTree = "<group>";
		};
/* End PBXGroup section */

/* Begin PBXNativeTarget section */
		553093432B23DF7D00AA45B7 /* SwiftUIBasics */ = {
			isa = PBXNativeTarget;
			buildConfigurationList = 553093682B23DF7E00AA45B7 /* Build configuration list for PBXNativeTarget "SwiftUIBasics" */;
			buildPhases = (
				553093402B23DF7D00AA45B7 /* Sources */,
				553093412B23DF7D00AA45B7 /* Frameworks */,
				553093422B23DF7D00AA45B7 /* Resources */,
			);
			buildRules = (
			);
			dependencies = (
			);
			name = SwiftUIBasics;
			productName = SwiftUIBasics;
			productReference = 553093442B23DF7D00AA45B7 /* SwiftUIBasics.app */;
			productType = "com.apple.product-type.application";
		};
		553093532B23DF7E00AA45B7 /* SwiftUIBasicsTests */ = {
			isa = PBXNativeTarget;
			buildConfigurationList = 5530936B2B23DF7E00AA45B7 /* Build configuration list for PBXNativeTarget "SwiftUIBasicsTests" */;
			buildPhases = (
				553093502B23DF7E00AA45B7 /* Sources */,
				553093512B23DF7E00AA45B7 /* Frameworks */,
				553093522B23DF7E00AA45B7 /* Resources */,
			);
			buildRules = (
			);
			dependencies = (
				553093562B23DF7E00AA45B7 /* PBXTargetDependency */,
			);
			name = SwiftUIBasicsTests;
			productName = SwiftUIBasicsTests;
			productReference = 553093542B23DF7E00AA45B7 /* SwiftUIBasicsTests.xctest */;
			productType = "com.apple.product-type.bundle.unit-test";
		};
		5530935D2B23DF7E00AA45B7 /* SwiftUIBasicsUITests */ = {
			isa = PBXNativeTarget;
			buildConfigurationList = 5530936E2B23DF7E00AA45B7 /* Build configuration list for PBXNativeTarget "SwiftUIBasicsUITests" */;
			buildPhases = (
				5530935A2B23DF7E00AA45B7 /* Sources */,
				5530935B2B23DF7E00AA45B7 /* Frameworks */,
				5530935C2B23DF7E00AA45B7 /* Resources */,
			);
			buildRules = (
			);
			dependencies = (
				553093602B23DF7E00AA45B7 /* PBXTargetDependency */,
			);
			name = SwiftUIBasicsUITests;
			productName = SwiftUIBasicsUITests;
			productReference = 5530935E2B23DF7E00AA45B7 /* SwiftUIBasicsUITests.xctest */;
			productType = "com.apple.product-type.bundle.ui-testing";
		};
/* End PBXNativeTarget section */

/* Begin PBXProject section */
		5530933C2B23DF7D00AA45B7 /* Project object */ = {
			isa = PBXProject;
			attributes = {
				BuildIndependentTargetsInParallel = 1;
				LastSwiftUpdateCheck = 1500;
				LastUpgradeCheck = 1500;
				TargetAttributes = {
					553093432B23DF7D00AA45B7 = {
						CreatedOnToolsVersion = 15.0;
					};
					553093532B23DF7E00AA45B7 = {
						CreatedOnToolsVersion = 15.0;
						TestTargetID = 553093432B23DF7D00AA45B7;
					};
					5530935D2B23DF7E00AA45B7 = {
						CreatedOnToolsVersion = 15.0;
						TestTargetID = 553093432B23DF7D00AA45B7;
					};
				};
			};
			buildConfigurationList = 5530933F2B23DF7D00AA45B7 /* Build configuration list for PBXProject "SwiftUIBasics" */;
			compatibilityVersion = "Xcode 14.0";
			developmentRegion = en;
			hasScannedForEncodings = 0;
			knownRegions = (
				en,
				Base,
			);
			mainGroup = 5530933B2B23DF7D00AA45B7;
			productRefGroup = 553093452B23DF7D00AA45B7 /* Products */;
			projectDirPath = "";
			projectRoot = "";
			targets = (
				553093432B23DF7D00AA45B7 /* SwiftUIBasics */,
				553093532B23DF7E00AA45B7 /* SwiftUIBasicsTests */,
				5530935D2B23DF7E00AA45B7 /* SwiftUIBasicsUITests */,
			);
		};
/* End PBXProject section */

/* Begin PBXResourcesBuildPhase section */
		553093422B23DF7D00AA45B7 /* Resources */ = {
			isa = PBXResourcesBuildPhase;
			buildActionMask = 2147483647;
			files = (
				5530934F2B23DF7E00AA45B7 /* Preview Assets.xcassets in Resources */,
				5530934C2B23DF7E00AA45B7 /* Assets.xcassets in Resources */,
			);
			runOnlyForDeploymentPostprocessing = 0;
		};
		553093522B23DF7E00AA45B7 /* Resources */ = {
			isa = PBXResourcesBuildPhase;
			buildActionMask = 2147483647;
			files = (
			);
			runOnlyForDeploymentPostprocessing = 0;
		};
		5530935C2B23DF7E00AA45B7 /* Resources */ = {
			isa = PBXResourcesBuildPhase;
			buildActionMask = 2147483647;
			files = (
			);
			runOnlyForDeploymentPostprocessing = 0;
		};
/* End PBXResourcesBuildPhase section */

/* Begin PBXSourcesBuildPhase section */
		553093402B23DF7D00AA45B7 /* Sources */ = {
			isa = PBXSourcesBuildPhase;
			buildActionMask = 2147483647;
			files = (
				5530934A2B23DF7D00AA45B7 /* ContentView.swift in Sources */,
				553093482B23DF7D00AA45B7 /* SwiftUIBasicsApp.swift in Sources */,
			);
			runOnlyForDeploymentPostprocessing = 0;
		};
		553093502B23DF7E00AA45B7 /* Sources */ = {
			isa = PBXSourcesBuildPhase;
			buildActionMask = 2147483647;
			files = (
				553093592B23DF7E00AA45B7 /* SwiftUIBasicsTests.swift in Sources */,
			);
			runOnlyForDeploymentPostprocessing = 0;
		};
		5530935A2B23DF7E00AA45B7 /* Sources */ = {
			isa = PBXSourcesBuildPhase;
			buildActionMask = 2147483647;
			files = (
				553093632B23DF7E00AA45B7 /* SwiftUIBasicsUITests.swift in Sources */,
				553093652B23DF7E00AA45B7 /* SwiftUIBasicsUITestsLaunchTests.swift in Sources */,
			);
			runOnlyForDeploymentPostprocessing = 0;
		};
/* End PBXSourcesBuildPhase section */

/* Begin PBXTargetDependency section */
		553093562B23DF7E00AA45B7 /* PBXTargetDependency */ = {
			isa = PBXTargetDependency;
			target = 553093432B23DF7D00AA45B7 /* SwiftUIBasics */;
			targetProxy = 553093552B23DF7E00AA45B7 /* PBXContainerItemProxy */;
		};
		553093602B23DF7E00AA45B7 /* PBXTargetDependency */ = {
			isa = PBXTargetDependency;
			target = 553093432B23DF7D00AA45B7 /* SwiftUIBasics */;
			targetProxy = 5530935F2B23DF7E00AA45B7 /* PBXContainerItemProxy */;
		};
/* End PBXTargetDependency section */

/* Begin XCBuildConfiguration section */
		553093662B23DF7E00AA45B7 /* Debug */ = {
			isa = XCBuildConfiguration;
			buildSettings = {
				ALWAYS_SEARCH_USER_PATHS = NO;
				ASSETCATALOG_COMPILER_GENERATE_SWIFT_ASSET_SYMBOL_EXTENSIONS = YES;
				CLANG_ANALYZER_NONNULL = YES;
				CLANG_ANALYZER_NUMBER_OBJECT_CONVERSION = YES_AGGRESSIVE;
				CLANG_CXX_LANGUAGE_STANDARD = "gnu++20";
				CLANG_ENABLE_MODULES = YES;
				CLANG_ENABLE_OBJC_ARC = YES;
				CLANG_ENABLE_OBJC_WEAK = YES;
				CLANG_WARN_BLOCK_CAPTURE_AUTORELEASING = YES;
				CLANG_WARN_BOOL_CONVERSION = YES;
				CLANG_WARN_COMMA = YES;
				CLANG_WARN_CONSTANT_CONVERSION = YES;
				CLANG_WARN_DEPRECATED_OBJC_IMPLEMENTATIONS = YES;
				CLANG_WARN_DIRECT_OBJC_ISA_USAGE = YES_ERROR;
				CLANG_WARN_DOCUMENTATION_COMMENTS = YES;
				CLANG_WARN_EMPTY_BODY = YES;
				CLANG_WARN_ENUM_CONVERSION = YES;
				CLANG_WARN_INFINITE_RECURSION = YES;
				CLANG_WARN_INT_CONVERSION = YES;
				CLANG_WARN_NON_LITERAL_NULL_CONVERSION = YES;
				CLANG_WARN_OBJC_IMPLICIT_RETAIN_SELF = YES;
				CLANG_WARN_OBJC_LITERAL_CONVERSION = YES;
				CLANG_WARN_OBJC_ROOT_CLASS = YES_ERROR;
				CLANG_WARN_QUOTED_INCLUDE_IN_FRAMEWORK_HEADER = YES;
				CLANG_WARN_RANGE_LOOP_ANALYSIS = YES;
				CLANG_WARN_STRICT_PROTOTYPES = YES;
				CLANG_WARN_SUSPICIOUS_MOVE = YES;
				CLANG_WARN_UNGUARDED_AVAILABILITY = YES_AGGRESSIVE;
				CLANG_WARN_UNREACHABLE_CODE = YES;
				CLANG_WARN__DUPLICATE_METHOD_MATCH = YES;
				COPY_PHASE_STRIP = NO;
				DEBUG_INFORMATION_FORMAT = dwarf;
				ENABLE_STRICT_OBJC_MSGSEND = YES;
				ENABLE_TESTABILITY = YES;
				ENABLE_USER_SCRIPT_SANDBOXING = YES;
				GCC_C_LANGUAGE_STANDARD = gnu17;
				GCC_DYNAMIC_NO_PIC = NO;
				GCC_NO_COMMON_BLOCKS = YES;
				GCC_OPTIMIZATION_LEVEL = 0;
				GCC_PREPROCESSOR_DEFINITIONS = (
					"DEBUG=1",
					"$(inherited)",
				);
				GCC_WARN_64_TO_32_BIT_CONVERSION = YES;
				GCC_WARN_ABOUT_RETURN_TYPE = YES_ERROR;
				GCC_WARN_UNDECLARED_SELECTOR = YES;
				GCC_WARN_UNINITIALIZED_AUTOS = YES_AGGRESSIVE;
				GCC_WARN_UNUSED_FUNCTION = YES;
				GCC_WARN_UNUSED_VARIABLE = YES;
				IPHONEOS_DEPLOYMENT_TARGET = 17.0;
				LOCALIZATION_PREFERS_STRING_CATALOGS = YES;
				MTL_ENABLE_DEBUG_INFO = INCLUDE_SOURCE;
				MTL_FAST_MATH = YES;
				ONLY_ACTIVE_ARCH = YES;
				SDKROOT = iphoneos;
				SWIFT_ACTIVE_COMPILATION_CONDITIONS = "DEBUG $(inherited)";
				SWIFT_OPTIMIZATION_LEVEL = "-Onone";
			};
			name = Debug;
		};
		553093672B23DF7E00AA45B7 /* Release */ = {
			isa = XCBuildConfiguration;
			buildSettings = {
				ALWAYS_SEARCH_USER_PATHS = NO;
				ASSETCATALOG_COMPILER_GENERATE_SWIFT_ASSET_SYMBOL_EXTENSIONS = YES;
				CLANG_ANALYZER_NONNULL = YES;
				CLANG_ANALYZER_NUMBER_OBJECT_CONVERSION = YES_AGGRESSIVE;
				CLANG_CXX_LANGUAGE_STANDARD = "gnu++20";
				CLANG_ENABLE_MODULES = YES;
				CLANG_ENABLE_OBJC_ARC = YES;
				CLANG_ENABLE_OBJC_WEAK = YES;
				CLANG_WARN_BLOCK_CAPTURE_AUTORELEASING = YES;
				CLANG_WARN_BOOL_CONVERSION = YES;
				CLANG_WARN_COMMA = YES;
				CLANG_WARN_CONSTANT_CONVERSION = YES;
				CLANG_WARN_DEPRECATED_OBJC_IMPLEMENTATIONS = YES;
				CLANG_WARN_DIRECT_OBJC_ISA_USAGE = YES_ERROR;
				CLANG_WARN_DOCUMENTATION_COMMENTS = YES;
				CLANG_WARN_EMPTY_BODY = YES;
				CLANG_WARN_ENUM_CONVERSION = YES;
				CLANG_WARN_INFINITE_RECURSION = YES;
				CLANG_WARN_INT_CONVERSION = YES;
				CLANG_WARN_NON_LITERAL_NULL_CONVERSION = YES;
				CLANG_WARN_OBJC_IMPLICIT_RETAIN_SELF = YES;
				CLANG_WARN_OBJC_LITERAL_CONVERSION = YES;
				CLANG_WARN_OBJC_ROOT_CLASS = YES_ERROR;
				CLANG_WARN_QUOTED_INCLUDE_IN_FRAMEWORK_HEADER = YES;
				CLANG_WARN_RANGE_LOOP_ANALYSIS = YES;
				CLANG_WARN_STRICT_PROTOTYPES = YES;
				CLANG_WARN_SUSPICIOUS_MOVE = YES;
				CLANG_WARN_UNGUARDED_AVAILABILITY = YES_AGGRESSIVE;
				CLANG_WARN_UNREACHABLE_CODE = YES;
				CLANG_WARN__DUPLICATE_METHOD_MATCH = YES;
				COPY_PHASE_STRIP = NO;
				DEBUG_INFORMATION_FORMAT = "dwarf-with-dsym";
				ENABLE_NS_ASSERTIONS = NO;
				ENABLE_STRICT_OBJC_MSGSEND = YES;
				ENABLE_USER_SCRIPT_SANDBOXING = YES;
				GCC_C_LANGUAGE_STANDARD = gnu17;
				GCC_NO_COMMON_BLOCKS = YES;
				GCC_WARN_64_TO_32_BIT_CONVERSION = YES;
				GCC_WARN_ABOUT_RETURN_TYPE = YES_ERROR;
				GCC_WARN_UNDECLARED_SELECTOR = YES;
				GCC_WARN_UNINITIALIZED_AUTOS = YES_AGGRESSIVE;
				GCC_WARN_UNUSED_FUNCTION = YES;
				GCC_WARN_UNUSED_VARIABLE = YES;
				IPHONEOS_DEPLOYMENT_TARGET = 17.0;
				LOCALIZATION_PREFERS_STRING_CATALOGS = YES;
				MTL_ENABLE_DEBUG_INFO = NO;
				MTL_FAST_MATH = YES;
				SDKROOT = iphoneos;
				SWIFT_COMPILATION_MODE = wholemodule;
				VALIDATE_PRODUCT = YES;
			};
			name = Release;
		};
		553093692B23DF7E00AA45B7 /* Debug */ = {
			isa = XCBuildConfiguration;
			buildSettings = {
				ASSETCATALOG_COMPILER_APPICON_NAME = AppIcon;
				ASSETCATALOG_COMPILER_GLOBAL_ACCENT_COLOR_NAME = AccentColor;
				CODE_SIGN_STYLE = Automatic;
				CURRENT_PROJECT_VERSION = 1;
				DEVELOPMENT_ASSET_PATHS = "\"SwiftUIBasics/Preview Content\"";
				ENABLE_PREVIEWS = YES;
				GENERATE_INFOPLIST_FILE = YES;
				INFOPLIST_KEY_UIApplicationSceneManifest_Generation = YES;
				INFOPLIST_KEY_UIApplicationSupportsIndirectInputEvents = YES;
				INFOPLIST_KEY_UILaunchScreen_Generation = YES;
				INFOPLIST_KEY_UISupportedInterfaceOrientations_iPad = "UIInterfaceOrientationPortrait UIInterfaceOrientationPortraitUpsideDown UIInterfaceOrientationLandscapeLeft UIInterfaceOrientationLandscapeRight";
				INFOPLIST_KEY_UISupportedInterfaceOrientations_iPhone = "UIInterfaceOrientationPortrait UIInterfaceOrientationLandscapeLeft UIInterfaceOrientationLandscapeRight";
				LD_RUNPATH_SEARCH_PATHS = (
					"$(inherited)",
					"@executable_path/Frameworks",
				);
				MARKETING_VERSION = 1.0;
				PRODUCT_BUNDLE_IDENTIFIER = myOrg.SwiftUIBasics;
				PRODUCT_NAME = "$(TARGET_NAME)";
				SWIFT_EMIT_LOC_STRINGS = YES;
				SWIFT_VERSION = 5.0;
				TARGETED_DEVICE_FAMILY = "1,2";
			};
			name = Debug;
		};
		5530936A2B23DF7E00AA45B7 /* Release */ = {
			isa = XCBuildConfiguration;
			buildSettings = {
				ASSETCATALOG_COMPILER_APPICON_NAME = AppIcon;
				ASSETCATALOG_COMPILER_GLOBAL_ACCENT_COLOR_NAME = AccentColor;
				CODE_SIGN_STYLE = Automatic;
				CURRENT_PROJECT_VERSION = 1;
				DEVELOPMENT_ASSET_PATHS = "\"SwiftUIBasics/Preview Content\"";
				ENABLE_PREVIEWS = YES;
				GENERATE_INFOPLIST_FILE = YES;
				INFOPLIST_KEY_UIApplicationSceneManifest_Generation = YES;
				INFOPLIST_KEY_UIApplicationSupportsIndirectInputEvents = YES;
				INFOPLIST_KEY_UILaunchScreen_Generation = YES;
				INFOPLIST_KEY_UISupportedInterfaceOrientations_iPad = "UIInterfaceOrientationPortrait UIInterfaceOrientationPortraitUpsideDown UIInterfaceOrientationLandscapeLeft UIInterfaceOrientationLandscapeRight";
				INFOPLIST_KEY_UISupportedInterfaceOrientations_iPhone = "UIInterfaceOrientationPortrait UIInterfaceOrientationLandscapeLeft UIInterfaceOrientationLandscapeRight";
				LD_RUNPATH_SEARCH_PATHS = (
					"$(inherited)",
					"@executable_path/Frameworks",
				);
				MARKETING_VERSION = 1.0;
				PRODUCT_BUNDLE_IDENTIFIER = myOrg.SwiftUIBasics;
				PRODUCT_NAME = "$(TARGET_NAME)";
				SWIFT_EMIT_LOC_STRINGS = YES;
				SWIFT_VERSION = 5.0;
				TARGETED_DEVICE_FAMILY = "1,2";
			};
			name = Release;
		};
		5530936C2B23DF7E00AA45B7 /* Debug */ = {
			isa = XCBuildConfiguration;
			buildSettings = {
				ALWAYS_EMBED_SWIFT_STANDARD_LIBRARIES = YES;
				BUNDLE_LOADER = "$(TEST_HOST)";
				CODE_SIGN_STYLE = Automatic;
				CURRENT_PROJECT_VERSION = 1;
				GENERATE_INFOPLIST_FILE = YES;
				IPHONEOS_DEPLOYMENT_TARGET = 17.0;
				MARKETING_VERSION = 1.0;
				PRODUCT_BUNDLE_IDENTIFIER = myOrg.SwiftUIBasicsTests;
				PRODUCT_NAME = "$(TARGET_NAME)";
				SWIFT_EMIT_LOC_STRINGS = NO;
				SWIFT_VERSION = 5.0;
				TARGETED_DEVICE_FAMILY = "1,2";
				TEST_HOST = "$(BUILT_PRODUCTS_DIR)/SwiftUIBasics.app/$(BUNDLE_EXECUTABLE_FOLDER_PATH)/SwiftUIBasics";
			};
			name = Debug;
		};
		5530936D2B23DF7E00AA45B7 /* Release */ = {
			isa = XCBuildConfiguration;
			buildSettings = {
				ALWAYS_EMBED_SWIFT_STANDARD_LIBRARIES = YES;
				BUNDLE_LOADER = "$(TEST_HOST)";
				CODE_SIGN_STYLE = Automatic;
				CURRENT_PROJECT_VERSION = 1;
				GENERATE_INFOPLIST_FILE = YES;
				IPHONEOS_DEPLOYMENT_TARGET = 17.0;
				MARKETING_VERSION = 1.0;
				PRODUCT_BUNDLE_IDENTIFIER = myOrg.SwiftUIBasicsTests;
				PRODUCT_NAME = "$(TARGET_NAME)";
				SWIFT_EMIT_LOC_STRINGS = NO;
				SWIFT_VERSION = 5.0;
				TARGETED_DEVICE_FAMILY = "1,2";
				TEST_HOST = "$(BUILT_PRODUCTS_DIR)/SwiftUIBasics.app/$(BUNDLE_EXECUTABLE_FOLDER_PATH)/SwiftUIBasics";
			};
			name = Release;
		};
		5530936F2B23DF7E00AA45B7 /* Debug */ = {
			isa = XCBuildConfiguration;
			buildSettings = {
				ALWAYS_EMBED_SWIFT_STANDARD_LIBRARIES = YES;
				CODE_SIGN_STYLE = Automatic;
				CURRENT_PROJECT_VERSION = 1;
				GENERATE_INFOPLIST_FILE = YES;
				MARKETING_VERSION = 1.0;
				PRODUCT_BUNDLE_IDENTIFIER = myOrg.SwiftUIBasicsUITests;
				PRODUCT_NAME = "$(TARGET_NAME)";
				SWIFT_EMIT_LOC_STRINGS = NO;
				SWIFT_VERSION = 5.0;
				TARGETED_DEVICE_FAMILY = "1,2";
				TEST_TARGET_NAME = SwiftUIBasics;
			};
			name = Debug;
		};
		553093702B23DF7E00AA45B7 /* Release */ = {
			isa = XCBuildConfiguration;
			buildSettings = {
				ALWAYS_EMBED_SWIFT_STANDARD_LIBRARIES = YES;
				CODE_SIGN_STYLE = Automatic;
				CURRENT_PROJECT_VERSION = 1;
				GENERATE_INFOPLIST_FILE = YES;
				MARKETING_VERSION = 1.0;
				PRODUCT_BUNDLE_IDENTIFIER = myOrg.SwiftUIBasicsUITests;
				PRODUCT_NAME = "$(TARGET_NAME)";
				SWIFT_EMIT_LOC_STRINGS = NO;
				SWIFT_VERSION = 5.0;
				TARGETED_DEVICE_FAMILY = "1,2";
				TEST_TARGET_NAME = SwiftUIBasics;
			};
			name = Release;
		};
/* End XCBuildConfiguration section */

/* Begin XCConfigurationList section */
		5530933F2B23DF7D00AA45B7 /* Build configuration list for PBXProject "SwiftUIBasics" */ = {
			isa = XCConfigurationList;
			buildConfigurations = (
				553093662B23DF7E00AA45B7 /* Debug */,
				553093672B23DF7E00AA45B7 /* Release */,
			);
			defaultConfigurationIsVisible = 0;
			defaultConfigurationName = Release;
		};
		553093682B23DF7E00AA45B7 /* Build configuration list for PBXNativeTarget "SwiftUIBasics" */ = {
			isa = XCConfigurationList;
			buildConfigurations = (
				553093692B23DF7E00AA45B7 /* Debug */,
				5530936A2B23DF7E00AA45B7 /* Release */,
			);
			defaultConfigurationIsVisible = 0;
			defaultConfigurationName = Release;
		};
		5530936B2B23DF7E00AA45B7 /* Build configuration list for PBXNativeTarget "SwiftUIBasicsTests" */ = {
			isa = XCConfigurationList;
			buildConfigurations = (
				5530936C2B23DF7E00AA45B7 /* Debug */,
				5530936D2B23DF7E00AA45B7 /* Release */,
			);
			defaultConfigurationIsVisible = 0;
			defaultConfigurationName = Release;
		};
		5530936E2B23DF7E00AA45B7 /* Build configuration list for PBXNativeTarget "SwiftUIBasicsUITests" */ = {
			isa = XCConfigurationList;
			buildConfigurations = (
				5530936F2B23DF7E00AA45B7 /* Debug */,
				553093702B23DF7E00AA45B7 /* Release */,
			);
			defaultConfigurationIsVisible = 0;
			defaultConfigurationName = Release;
		};
/* End XCConfigurationList section */
	};
	rootObject = 5530933C2B23DF7D00AA45B7 /* Project object */;
}
